
Microsoft Visual Studio Solution File, Format Version 12.00
Project("{FAE04EC0-301F-11D3-BF4B-00C04F79EFBC}") = "Faker.Core", "Faker.Core\Faker.Core\Faker.Core.csproj", "{17E359B8-0E16-4D98-BFC0-76A131D28C1A}"
EndProject
Project("{FAE04EC0-301F-11D3-BF4B-00C04F79EFBC}") = "Faker.Tests", "Faker.Tests\Faker.Tests\Faker.Tests.csproj", "{DC5CBE4F-A1A8-46F5-BA0D-8E189DD153A2}"
EndProject
Global
	GlobalSection(SolutionConfigurationPlatforms) = preSolution
		Debug|Any CPU = Debug|Any CPU
		Release|Any CPU = Release|Any CPU
	EndGlobalSection
	GlobalSection(ProjectConfigurationPlatforms) = postSolution
		{17E359B8-0E16-4D98-BFC0-76A131D28C1A}.Debug|Any CPU.ActiveCfg = Debug|Any CPU
		{17E359B8-0E16-4D98-BFC0-76A131D28C1A}.Debug|Any CPU.Build.0 = Debug|Any CPU
		{17E359B8-0E16-4D98-BFC0-76A131D28C1A}.Release|Any CPU.ActiveCfg = Release|Any CPU
		{17E359B8-0E16-4D98-BFC0-76A131D28C1A}.Release|Any CPU.Build.0 = Release|Any CPU
		{DC5CBE4F-A1A8-46F5-BA0D-8E189DD153A2}.Debug|Any CPU.ActiveCfg = Debug|Any CPU
		{DC5CBE4F-A1A8-46F5-BA0D-8E189DD153A2}.Debug|Any CPU.Build.0 = Debug|Any CPU
		{DC5CBE4F-A1A8-46F5-BA0D-8E189DD153A2}.Release|Any CPU.ActiveCfg = Release|Any CPU
		{DC5CBE4F-A1A8-46F5-BA0D-8E189DD153A2}.Release|Any CPU.Build.0 = Release|Any CPU
	EndGlobalSection
EndGlobal
